
Microsoft Visual Studio Solution File, Format Version 12.00
# Visual Studio Version 17
VisualStudioVersion = 17.5.33627.172
MinimumVisualStudioVersion = 10.0.40219.1
Project("{FAE04EC0-301F-11D3-BF4B-00C04F79EFBC}") = "EndOfDateReportService", "EndOfDateReportService.csproj", "{F427C5E9-AA4A-4850-8075-CDCBC90F5ACD}"
EndProject
Global
	GlobalSection(SolutionConfigurationPlatforms) = preSolution
		Debug|Any CPU = Debug|Any CPU
		Release|Any CPU = Release|Any CPU
	EndGlobalSection
	GlobalSection(ProjectConfigurationPlatforms) = postSolution
		{F427C5E9-AA4A-4850-8075-CDCBC90F5ACD}.Debug|Any CPU.ActiveCfg = Debug|Any CPU
		{F427C5E9-AA4A-4850-8075-CDCBC90F5ACD}.Debug|Any CPU.Build.0 = Debug|Any CPU
		{F427C5E9-AA4A-4850-8075-CDCBC90F5ACD}.Release|Any CPU.ActiveCfg = Release|Any CPU
		{F427C5E9-AA4A-4850-8075-CDCBC90F5ACD}.Release|Any CPU.Build.0 = Release|Any CPU
	EndGlobalSection
	GlobalSection(SolutionProperties) = preSolution
		HideSolutionNode = FALSE
	EndGlobalSection
	GlobalSection(ExtensibilityGlobals) = postSolution
		SolutionGuid = {69642911-6785-4E6D-AAB9-FF01C948CDB4}
	EndGlobalSection
EndGlobal
